Microsoft Visual Studio Solution File, Format Version 8.00
Project("{F184B08F-C81C-45F6-A57F-5ABD9991F28F}") = "Yahoo.API", "Yahoo.API\Yahoo.API.vbproj", "{F6D70425-E19A-45B5-8A16-6AC3144E2B62}"
	ProjectSection(ProjectDependencies) = postProject
	EndProjectSection
EndProject
Project("{F184B08F-C81C-45F6-A57F-5ABD9991F28F}") = "TestHarness", "TestHarness\TestHarness.vbproj", "{CF4A128F-0A20-40DA-BBB4-E02EA2A51E82}"
	ProjectSection(ProjectDependencies) = postProject
	EndProjectSection
EndProject
Global
	GlobalSection(SourceCodeControl) = preSolution
		SccNumberOfProjects = 3
		SccLocalPath0 = .
		CanCheckoutShared = false
		SolutionUniqueID = {AA4EC919-DC8E-45C9-A32C-BBF76AABC186}
		SccProjectUniqueName1 = TestHarness\\TestHarness.vbproj
		SccLocalPath1 = .
		CanCheckoutShared = false
		SccProjectFilePathRelativizedFromConnection1 = TestHarness\\
		SccProjectUniqueName2 = Yahoo.API\\Yahoo.API.vbproj
		SccLocalPath2 = .
		CanCheckoutShared = false
		SccProjectFilePathRelativizedFromConnection2 = Yahoo.API\\
	EndGlobalSection
	GlobalSection(SolutionConfiguration) = preSolution
		Debug = Debug
		Release = Release
	EndGlobalSection
	GlobalSection(ProjectConfiguration) = postSolution
		{F6D70425-E19A-45B5-8A16-6AC3144E2B62}.Debug.ActiveCfg = Debug|.NET
		{F6D70425-E19A-45B5-8A16-6AC3144E2B62}.Debug.Build.0 = Debug|.NET
		{F6D70425-E19A-45B5-8A16-6AC3144E2B62}.Release.ActiveCfg = Release|.NET
		{F6D70425-E19A-45B5-8A16-6AC3144E2B62}.Release.Build.0 = Release|.NET
		{CF4A128F-0A20-40DA-BBB4-E02EA2A51E82}.Debug.ActiveCfg = Debug|.NET
		{CF4A128F-0A20-40DA-BBB4-E02EA2A51E82}.Debug.Build.0 = Debug|.NET
		{CF4A128F-0A20-40DA-BBB4-E02EA2A51E82}.Release.ActiveCfg = Release|.NET
		{CF4A128F-0A20-40DA-BBB4-E02EA2A51E82}.Release.Build.0 = Release|.NET
	EndGlobalSection
	GlobalSection(ExtensibilityGlobals) = postSolution
	EndGlobalSection
	GlobalSection(ExtensibilityAddIns) = postSolution
	EndGlobalSection
EndGlobal
