Microsoft Visual Studio Solution File, Format Version 8.00
Project("{FAE04EC0-301F-11D3-BF4B-00C04F79EFBC}") = "TestHarness", "TestHarness\TestHarness.csproj", "{AE32183C-3FBE-461E-A3D9-39B39CB3653E}"
	ProjectSection(ProjectDependencies) = postProject
	EndProjectSection
EndProject
Project("{FAE04EC0-301F-11D3-BF4B-00C04F79EFBC}") = "Yahoo.API", "Yahoo.API\Yahoo.API.csproj", "{0945ED3A-C493-499C-A349-09DA17FA590E}"
	ProjectSection(ProjectDependencies) = postProject
	EndProjectSection
EndProject
Global
	GlobalSection(SourceCodeControl) = preSolution
		SccNumberOfProjects = 3
		SccLocalPath0 = .
		CanCheckoutShared = false
		SolutionUniqueID = {BFF698C2-6EAD-44EC-ABA6-091F9420DA5D}
		SccProjectUniqueName1 = TestHarness\\TestHarness.csproj
		SccLocalPath1 = .
		CanCheckoutShared = false
		SccProjectFilePathRelativizedFromConnection1 = TestHarness\\
		SccProjectUniqueName2 = Yahoo.API\\Yahoo.API.csproj
		SccLocalPath2 = .
		CanCheckoutShared = false
		SccProjectFilePathRelativizedFromConnection2 = Yahoo.API\\
	EndGlobalSection
	GlobalSection(SolutionConfiguration) = preSolution
		Debug = Debug
		Release = Release
	EndGlobalSection
	GlobalSection(ProjectConfiguration) = postSolution
		{AE32183C-3FBE-461E-A3D9-39B39CB3653E}.Debug.ActiveCfg = Debug|.NET
		{AE32183C-3FBE-461E-A3D9-39B39CB3653E}.Debug.Build.0 = Debug|.NET
		{AE32183C-3FBE-461E-A3D9-39B39CB3653E}.Release.ActiveCfg = Release|.NET
		{AE32183C-3FBE-461E-A3D9-39B39CB3653E}.Release.Build.0 = Release|.NET
		{0945ED3A-C493-499C-A349-09DA17FA590E}.Debug.ActiveCfg = Debug|.NET
		{0945ED3A-C493-499C-A349-09DA17FA590E}.Debug.Build.0 = Debug|.NET
		{0945ED3A-C493-499C-A349-09DA17FA590E}.Release.ActiveCfg = Release|.NET
		{0945ED3A-C493-499C-A349-09DA17FA590E}.Release.Build.0 = Release|.NET
	EndGlobalSection
	GlobalSection(ExtensibilityGlobals) = postSolution
	EndGlobalSection
	GlobalSection(ExtensibilityAddIns) = postSolution
	EndGlobalSection
EndGlobal
